
Microsoft Visual Studio Solution File, Format Version 12.00
# Visual Studio Version 16
VisualStudioVersion = 16.0.29503.13
MinimumVisualStudioVersion = 10.0.40219.1
Project("{FAE04EC0-301F-11D3-BF4B-00C04F79EFBC}") = "testXml", "testXml\testXml.csproj", "{F5204075-6415-4139-9D6A-37563E9E24F4}"
EndProject
Global
	GlobalSection(SolutionConfigurationPlatforms) = preSolution
		Debug|Any CPU = Debug|Any CPU
		Release|Any CPU = Release|Any CPU
	EndGlobalSection
	GlobalSection(ProjectConfigurationPlatforms) = postSolution
		{F5204075-6415-4139-9D6A-37563E9E24F4}.Debug|Any CPU.ActiveCfg = Debug|Any CPU
		{F5204075-6415-4139-9D6A-37563E9E24F4}.Debug|Any CPU.Build.0 = Debug|Any CPU
		{F5204075-6415-4139-9D6A-37563E9E24F4}.Release|Any CPU.ActiveCfg = Release|Any CPU
		{F5204075-6415-4139-9D6A-37563E9E24F4}.Release|Any CPU.Build.0 = Release|Any CPU
	EndGlobalSection
	GlobalSection(SolutionProperties) = preSolution
		HideSolutionNode = FALSE
	EndGlobalSection
	GlobalSection(ExtensibilityGlobals) = postSolution
		SolutionGuid = {9863C0C2-82B0-4313-83E3-198A11B35B2F}
	EndGlobalSection
EndGlobal
